
Microsoft Visual Studio Solution File, Format Version 12.00
# Visual Studio 14
VisualStudioVersion = 14.0.25420.1
MinimumVisualStudioVersion = 10.0.40219.1
Project("{FAE04EC0-301F-11D3-BF4B-00C04F79EFBC}") = "Archmaester", "Archmaester\Archmaester.csproj", "{096AA133-60AA-4253-9131-066E5F3BC4A6}"
EndProject
Project("{FAE04EC0-301F-11D3-BF4B-00C04F79EFBC}") = "ArchmaesterMonogameLibrary", "ArchmaesterMonogameLibrary\ArchmaesterMonogameLibrary.csproj", "{18E22B61-1C46-4086-95EE-41985A34FEFC}"
EndProject
Project("{FAE04EC0-301F-11D3-BF4B-00C04F79EFBC}") = "BitmapFonts", "BitmapFonts\BitmapFonts.csproj", "{A56B8095-BD97-476D-A221-9648C34763AC}"
EndProject
Project("{FAE04EC0-301F-11D3-BF4B-00C04F79EFBC}") = "GuiControls", "GuiControls\GuiControls.csproj", "{BB5AB9B7-9C2D-482F-854A-DCA4E03AC7D7}"
EndProject
Project("{FAE04EC0-301F-11D3-BF4B-00C04F79EFBC}") = "Primitives2D", "Primitives2D\Primitives2D.csproj", "{2332E5E5-CBE1-41C5-82C6-4479DFC99F55}"
EndProject
Project("{FAE04EC0-301F-11D3-BF4B-00C04F79EFBC}") = "Textures", "Textures\Textures.csproj", "{F1C1B1DB-B61E-4395-8E99-C8D8E6F90981}"
EndProject
Project("{FAE04EC0-301F-11D3-BF4B-00C04F79EFBC}") = "Input", "Input\Input.csproj", "{42A8C522-C4A0-4D06-8C33-A115A64EE9DF}"
EndProject
Project("{FAE04EC0-301F-11D3-BF4B-00C04F79EFBC}") = "Common", "Common\Common.csproj", "{57426CD6-FF61-4700-9ED8-A1299AB80A38}"
EndProject
Project("{FAE04EC0-301F-11D3-BF4B-00C04F79EFBC}") = "Interfaces", "Interfaces\Interfaces.csproj", "{13E46164-03C9-490A-9E87-84D0026E874F}"
EndProject
Project("{FAE04EC0-301F-11D3-BF4B-00C04F79EFBC}") = "GameState", "GameState\GameState.csproj", "{3428C325-4ECD-416B-ADE8-7C7A937A4CCD}"
EndProject
Project("{FAE04EC0-301F-11D3-BF4B-00C04F79EFBC}") = "GameMap", "GameMap\GameMap.csproj", "{40C67B06-306E-4B17-8D04-677FD11E2E23}"
EndProject
Project("{FAE04EC0-301F-11D3-BF4B-00C04F79EFBC}") = "GameLogic", "GameLogic\GameLogic.csproj", "{1364BC83-91E5-47B7-8E43-4346FF978FC0}"
EndProject
Project("{FAE04EC0-301F-11D3-BF4B-00C04F79EFBC}") = "GeneralUtilities", "GeneralUtilities\GeneralUtilities.csproj", "{52DAE17E-3240-4B33-A875-A9FE73E208C5}"
EndProject
Global
	GlobalSection(SolutionConfigurationPlatforms) = preSolution
		Debug|Any CPU = Debug|Any CPU
		Release|Any CPU = Release|Any CPU
	EndGlobalSection
	GlobalSection(ProjectConfigurationPlatforms) = postSolution
		{096AA133-60AA-4253-9131-066E5F3BC4A6}.Debug|Any CPU.ActiveCfg = Debug|Any CPU
		{096AA133-60AA-4253-9131-066E5F3BC4A6}.Debug|Any CPU.Build.0 = Debug|Any CPU
		{096AA133-60AA-4253-9131-066E5F3BC4A6}.Release|Any CPU.ActiveCfg = Release|Any CPU
		{096AA133-60AA-4253-9131-066E5F3BC4A6}.Release|Any CPU.Build.0 = Release|Any CPU
		{18E22B61-1C46-4086-95EE-41985A34FEFC}.Debug|Any CPU.ActiveCfg = Debug|Any CPU
		{18E22B61-1C46-4086-95EE-41985A34FEFC}.Debug|Any CPU.Build.0 = Debug|Any CPU
		{18E22B61-1C46-4086-95EE-41985A34FEFC}.Release|Any CPU.ActiveCfg = Release|Any CPU
		{18E22B61-1C46-4086-95EE-41985A34FEFC}.Release|Any CPU.Build.0 = Release|Any CPU
		{A56B8095-BD97-476D-A221-9648C34763AC}.Debug|Any CPU.ActiveCfg = Debug|Any CPU
		{A56B8095-BD97-476D-A221-9648C34763AC}.Debug|Any CPU.Build.0 = Debug|Any CPU
		{A56B8095-BD97-476D-A221-9648C34763AC}.Release|Any CPU.ActiveCfg = Release|Any CPU
		{A56B8095-BD97-476D-A221-9648C34763AC}.Release|Any CPU.Build.0 = Release|Any CPU
		{BB5AB9B7-9C2D-482F-854A-DCA4E03AC7D7}.Debug|Any CPU.ActiveCfg = Debug|Any CPU
		{BB5AB9B7-9C2D-482F-854A-DCA4E03AC7D7}.Debug|Any CPU.Build.0 = Debug|Any CPU
		{BB5AB9B7-9C2D-482F-854A-DCA4E03AC7D7}.Release|Any CPU.ActiveCfg = Release|Any CPU
		{BB5AB9B7-9C2D-482F-854A-DCA4E03AC7D7}.Release|Any CPU.Build.0 = Release|Any CPU
		{2332E5E5-CBE1-41C5-82C6-4479DFC99F55}.Debug|Any CPU.ActiveCfg = Debug|Any CPU
		{2332E5E5-CBE1-41C5-82C6-4479DFC99F55}.Debug|Any CPU.Build.0 = Debug|Any CPU
		{2332E5E5-CBE1-41C5-82C6-4479DFC99F55}.Release|Any CPU.ActiveCfg = Release|Any CPU
		{2332E5E5-CBE1-41C5-82C6-4479DFC99F55}.Release|Any CPU.Build.0 = Release|Any CPU
		{F1C1B1DB-B61E-4395-8E99-C8D8E6F90981}.Debug|Any CPU.ActiveCfg = Debug|Any CPU
		{F1C1B1DB-B61E-4395-8E99-C8D8E6F90981}.Debug|Any CPU.Build.0 = Debug|Any CPU
		{F1C1B1DB-B61E-4395-8E99-C8D8E6F90981}.Release|Any CPU.ActiveCfg = Release|Any CPU
		{F1C1B1DB-B61E-4395-8E99-C8D8E6F90981}.Release|Any CPU.Build.0 = Release|Any CPU
		{42A8C522-C4A0-4D06-8C33-A115A64EE9DF}.Debug|Any CPU.ActiveCfg = Debug|Any CPU
		{42A8C522-C4A0-4D06-8C33-A115A64EE9DF}.Debug|Any CPU.Build.0 = Debug|Any CPU
		{42A8C522-C4A0-4D06-8C33-A115A64EE9DF}.Release|Any CPU.ActiveCfg = Release|Any CPU
		{42A8C522-C4A0-4D06-8C33-A115A64EE9DF}.Release|Any CPU.Build.0 = Release|Any CPU
		{57426CD6-FF61-4700-9ED8-A1299AB80A38}.Debug|Any CPU.ActiveCfg = Debug|Any CPU
		{57426CD6-FF61-4700-9ED8-A1299AB80A38}.Debug|Any CPU.Build.0 = Debug|Any CPU
		{57426CD6-FF61-4700-9ED8-A1299AB80A38}.Release|Any CPU.ActiveCfg = Release|Any CPU
		{57426CD6-FF61-4700-9ED8-A1299AB80A38}.Release|Any CPU.Build.0 = Release|Any CPU
		{13E46164-03C9-490A-9E87-84D0026E874F}.Debug|Any CPU.ActiveCfg = Debug|Any CPU
		{13E46164-03C9-490A-9E87-84D0026E874F}.Debug|Any CPU.Build.0 = Debug|Any CPU
		{13E46164-03C9-490A-9E87-84D0026E874F}.Release|Any CPU.ActiveCfg = Release|Any CPU
		{13E46164-03C9-490A-9E87-84D0026E874F}.Release|Any CPU.Build.0 = Release|Any CPU
		{3428C325-4ECD-416B-ADE8-7C7A937A4CCD}.Debug|Any CPU.ActiveCfg = Debug|Any CPU
		{3428C325-4ECD-416B-ADE8-7C7A937A4CCD}.Debug|Any CPU.Build.0 = Debug|Any CPU
		{3428C325-4ECD-416B-ADE8-7C7A937A4CCD}.Release|Any CPU.ActiveCfg = Release|Any CPU
		{3428C325-4ECD-416B-ADE8-7C7A937A4CCD}.Release|Any CPU.Build.0 = Release|Any CPU
		{40C67B06-306E-4B17-8D04-677FD11E2E23}.Debug|Any CPU.ActiveCfg = Debug|Any CPU
		{40C67B06-306E-4B17-8D04-677FD11E2E23}.Debug|Any CPU.Build.0 = Debug|Any CPU
		{40C67B06-306E-4B17-8D04-677FD11E2E23}.Release|Any CPU.ActiveCfg = Release|Any CPU
		{40C67B06-306E-4B17-8D04-677FD11E2E23}.Release|Any CPU.Build.0 = Release|Any CPU
		{1364BC83-91E5-47B7-8E43-4346FF978FC0}.Debug|Any CPU.ActiveCfg = Debug|Any CPU
		{1364BC83-91E5-47B7-8E43-4346FF978FC0}.Debug|Any CPU.Build.0 = Debug|Any CPU
		{1364BC83-91E5-47B7-8E43-4346FF978FC0}.Release|Any CPU.ActiveCfg = Release|Any CPU
		{1364BC83-91E5-47B7-8E43-4346FF978FC0}.Release|Any CPU.Build.0 = Release|Any CPU
		{52DAE17E-3240-4B33-A875-A9FE73E208C5}.Debug|Any CPU.ActiveCfg = Debug|Any CPU
		{52DAE17E-3240-4B33-A875-A9FE73E208C5}.Debug|Any CPU.Build.0 = Debug|Any CPU
		{52DAE17E-3240-4B33-A875-A9FE73E208C5}.Release|Any CPU.ActiveCfg = Release|Any CPU
		{52DAE17E-3240-4B33-A875-A9FE73E208C5}.Release|Any CPU.Build.0 = Release|Any CPU
	EndGlobalSection
	GlobalSection(SolutionProperties) = preSolution
		HideSolutionNode = FALSE
	EndGlobalSection
EndGlobal
